
Microsoft Visual Studio Solution File, Format Version 12.00
# Visual Studio 14
VisualStudioVersion = 14.0.24720.0
MinimumVisualStudioVersion = 10.0.40219.1
Project("{FAE04EC0-301F-11D3-BF4B-00C04F79EFBC}") = "ML.ConsoleTest", "ML.ConsoleTest\ML.ConsoleTest.csproj", "{EA8B4D1C-10D4-44C0-ACAA-1A54477C5F7B}"
EndProject
Project("{FAE04EC0-301F-11D3-BF4B-00C04F79EFBC}") = "ML", "ML\ML.csproj", "{4D82FFF2-3CA0-44ED-94EE-CED63DC7E106}"
EndProject
Project("{FAE04EC0-301F-11D3-BF4B-00C04F79EFBC}") = "ML.Tests", "ML.Tests\ML.Tests.csproj", "{CA5B14B3-851B-488D-874A-ED88F4E77E0A}"
EndProject
Project("{2150E333-8FDC-42A3-9474-1A3956D46DE8}") = "docs", "docs", "{557FFEEA-F578-4569-AC1D-E4FE1BDB4A07}"
	ProjectSection(SolutionItems) = preProject
		docs\todo.txt = docs\todo.txt
	EndProjectSection
EndProject
Project("{FAE04EC0-301F-11D3-BF4B-00C04F79EFBC}") = "ML.DeepTests", "ML.DeepTests\ML.DeepTests.csproj", "{3CF8DF2D-201E-4A73-B99C-F22A0BF657E7}"
EndProject
Project("{2150E333-8FDC-42A3-9474-1A3956D46DE8}") = "3rdparties", "3rdparties", "{6276B9D3-CB20-4126-A9CC-224560D72934}"
	ProjectSection(SolutionItems) = preProject
		3rdparties\NFX.dll = 3rdparties\NFX.dll
	EndProjectSection
EndProject
Project("{2150E333-8FDC-42A3-9474-1A3956D46DE8}") = "Demos", "Demos", "{33324725-C2FE-4FB0-88BE-29839C2181F2}"
EndProject
Project("{FAE04EC0-301F-11D3-BF4B-00C04F79EFBC}") = "ML.DigitsDemo", "ML.DigitsDemo\ML.DigitsDemo.csproj", "{C6CB1370-40EA-454F-996E-2FDEC8C93ABD}"
EndProject
Global
	GlobalSection(SolutionConfigurationPlatforms) = preSolution
		Debug|Any CPU = Debug|Any CPU
		Release|Any CPU = Release|Any CPU
	EndGlobalSection
	GlobalSection(ProjectConfigurationPlatforms) = postSolution
		{EA8B4D1C-10D4-44C0-ACAA-1A54477C5F7B}.Debug|Any CPU.ActiveCfg = Debug|Any CPU
		{EA8B4D1C-10D4-44C0-ACAA-1A54477C5F7B}.Debug|Any CPU.Build.0 = Debug|Any CPU
		{EA8B4D1C-10D4-44C0-ACAA-1A54477C5F7B}.Release|Any CPU.ActiveCfg = Release|Any CPU
		{EA8B4D1C-10D4-44C0-ACAA-1A54477C5F7B}.Release|Any CPU.Build.0 = Release|Any CPU
		{4D82FFF2-3CA0-44ED-94EE-CED63DC7E106}.Debug|Any CPU.ActiveCfg = Debug|Any CPU
		{4D82FFF2-3CA0-44ED-94EE-CED63DC7E106}.Debug|Any CPU.Build.0 = Debug|Any CPU
		{4D82FFF2-3CA0-44ED-94EE-CED63DC7E106}.Release|Any CPU.ActiveCfg = Release|Any CPU
		{4D82FFF2-3CA0-44ED-94EE-CED63DC7E106}.Release|Any CPU.Build.0 = Release|Any CPU
		{CA5B14B3-851B-488D-874A-ED88F4E77E0A}.Debug|Any CPU.ActiveCfg = Debug|Any CPU
		{CA5B14B3-851B-488D-874A-ED88F4E77E0A}.Debug|Any CPU.Build.0 = Debug|Any CPU
		{CA5B14B3-851B-488D-874A-ED88F4E77E0A}.Release|Any CPU.ActiveCfg = Release|Any CPU
		{CA5B14B3-851B-488D-874A-ED88F4E77E0A}.Release|Any CPU.Build.0 = Release|Any CPU
		{3CF8DF2D-201E-4A73-B99C-F22A0BF657E7}.Debug|Any CPU.ActiveCfg = Debug|Any CPU
		{3CF8DF2D-201E-4A73-B99C-F22A0BF657E7}.Debug|Any CPU.Build.0 = Debug|Any CPU
		{3CF8DF2D-201E-4A73-B99C-F22A0BF657E7}.Release|Any CPU.ActiveCfg = Release|Any CPU
		{3CF8DF2D-201E-4A73-B99C-F22A0BF657E7}.Release|Any CPU.Build.0 = Release|Any CPU
		{C6CB1370-40EA-454F-996E-2FDEC8C93ABD}.Debug|Any CPU.ActiveCfg = Debug|Any CPU
		{C6CB1370-40EA-454F-996E-2FDEC8C93ABD}.Debug|Any CPU.Build.0 = Debug|Any CPU
		{C6CB1370-40EA-454F-996E-2FDEC8C93ABD}.Release|Any CPU.ActiveCfg = Release|Any CPU
		{C6CB1370-40EA-454F-996E-2FDEC8C93ABD}.Release|Any CPU.Build.0 = Release|Any CPU
	EndGlobalSection
	GlobalSection(SolutionProperties) = preSolution
		HideSolutionNode = FALSE
	EndGlobalSection
	GlobalSection(NestedProjects) = preSolution
		{EA8B4D1C-10D4-44C0-ACAA-1A54477C5F7B} = {33324725-C2FE-4FB0-88BE-29839C2181F2}
		{3CF8DF2D-201E-4A73-B99C-F22A0BF657E7} = {33324725-C2FE-4FB0-88BE-29839C2181F2}
		{C6CB1370-40EA-454F-996E-2FDEC8C93ABD} = {33324725-C2FE-4FB0-88BE-29839C2181F2}
	EndGlobalSection
EndGlobal
